// !$*UTF8*$!
{
	archiveVersion = 1;
	classes = {
	};
	objectVersion = 46;
	objects = {

/* Begin PBXBuildFile section */
		2714AC421F0CF4690028A81E /* CustomTabBarController.swift in Sources */ = {isa = PBXBuildFile; fileRef = 2714AC411F0CF4690028A81E /* CustomTabBarController.swift */; };
		271731881F18A9AF0044BA27 /* PropertyPhotoStructures.swift in Sources */ = {isa = PBXBuildFile; fileRef = 271731871F18A9AF0044BA27 /* PropertyPhotoStructures.swift */; };
		2717318A1F18D89E0044BA27 /* SubmitPhotoViewController.swift in Sources */ = {isa = PBXBuildFile; fileRef = 271731891F18D89E0044BA27 /* SubmitPhotoViewController.swift */; };
		273686731F0E96DE002E9F93 /* Protocols.swift in Sources */ = {isa = PBXBuildFile; fileRef = 273686721F0E96DE002E9F93 /* Protocols.swift */; };
		274108DE1F06BCEC00B60BBA /* CurrentUserViewController.swift in Sources */ = {isa = PBXBuildFile; fileRef = 274108DD1F06BCEC00B60BBA /* CurrentUserViewController.swift */; };
		27562C111F04432600C6FFFC /* Bolts.framework in Frameworks */ = {isa = PBXBuildFile; fileRef = 27562C0D1F04432600C6FFFC /* Bolts.framework */; };
		275D265F1F1F9C49009B5AD4 /* HomeViewController.swift in Sources */ = {isa = PBXBuildFile; fileRef = 275D265E1F1F9C49009B5AD4 /* HomeViewController.swift */; };
		275D26611F1F9C6B009B5AD4 /* HomeTableViewCell.swift in Sources */ = {isa = PBXBuildFile; fileRef = 275D26601F1F9C6B009B5AD4 /* HomeTableViewCell.swift */; };
		275D26631F1FA646009B5AD4 /* ApartmentType.swift in Sources */ = {isa = PBXBuildFile; fileRef = 275D26621F1FA646009B5AD4 /* ApartmentType.swift */; };
		275F6FEF1F0D1EDC00F9B2C2 /* PropertyNameViewController.swift in Sources */ = {isa = PBXBuildFile; fileRef = 275F6FEE1F0D1EDC00F9B2C2 /* PropertyNameViewController.swift */; };
		275F6FF11F0D3F3500F9B2C2 /* PropertyDetailsViewController.swift in Sources */ = {isa = PBXBuildFile; fileRef = 275F6FF01F0D3F3500F9B2C2 /* PropertyDetailsViewController.swift */; };
		275F6FF31F0D765200F9B2C2 /* PropertyDetailsTableViewController.swift in Sources */ = {isa = PBXBuildFile; fileRef = 275F6FF21F0D765200F9B2C2 /* PropertyDetailsTableViewController.swift */; };
		275F6FF51F0D7BAD00F9B2C2 /* RentTableViewController.swift in Sources */ = {isa = PBXBuildFile; fileRef = 275F6FF41F0D7BAD00F9B2C2 /* RentTableViewController.swift */; };
		27693E4E1F13E697005D891F /* PropertyPhotoCollectionViewCell.swift in Sources */ = {isa = PBXBuildFile; fileRef = 27693E4D1F13E697005D891F /* PropertyPhotoCollectionViewCell.swift */; };
		27693E571F1408D2005D891F /* GradientView.swift in Sources */ = {isa = PBXBuildFile; fileRef = 27693E561F1408D2005D891F /* GradientView.swift */; };
		27693E5E1F164822005D891F /* PropertyPhotosViewController.swift in Sources */ = {isa = PBXBuildFile; fileRef = 27693E5D1F164822005D891F /* PropertyPhotosViewController.swift */; };
		279745931F03E9FF00ED5D34 /* AppDelegate.swift in Sources */ = {isa = PBXBuildFile; fileRef = 279745921F03E9FF00ED5D34 /* AppDelegate.swift */; };
		279745981F03E9FF00ED5D34 /* Main.storyboard in Resources */ = {isa = PBXBuildFile; fileRef = 279745961F03E9FF00ED5D34 /* Main.storyboard */; };
		2797459A1F03E9FF00ED5D34 /* Assets.xcassets in Resources */ = {isa = PBXBuildFile; fileRef = 279745991F03E9FF00ED5D34 /* Assets.xcassets */; };
		2797459D1F03E9FF00ED5D34 /* LaunchScreen.storyboard in Resources */ = {isa = PBXBuildFile; fileRef = 2797459B1F03E9FF00ED5D34 /* LaunchScreen.storyboard */; };
		279745A81F03E9FF00ED5D34 /* AptTests.swift in Sources */ = {isa = PBXBuildFile; fileRef = 279745A71F03E9FF00ED5D34 /* AptTests.swift */; };
		279745B31F03E9FF00ED5D34 /* AptUITests.swift in Sources */ = {isa = PBXBuildFile; fileRef = 279745B21F03E9FF00ED5D34 /* AptUITests.swift */; };
		279745C11F03EAAF00ED5D34 /* GoogleService-Info.plist in Resources */ = {isa = PBXBuildFile; fileRef = 279745C01F03EAAF00ED5D34 /* GoogleService-Info.plist */; };
		279745C51F03EDA700ED5D34 /* LoginViewController.swift in Sources */ = {isa = PBXBuildFile; fileRef = 279745C41F03EDA700ED5D34 /* LoginViewController.swift */; };
		279745CA1F03F0B000ED5D34 /* UibuttonFormats.swift in Sources */ = {isa = PBXBuildFile; fileRef = 279745C91F03F0B000ED5D34 /* UibuttonFormats.swift */; };
		279745CC1F04039400ED5D34 /* NewUserViewController.swift in Sources */ = {isa = PBXBuildFile; fileRef = 279745CB1F04039400ED5D34 /* NewUserViewController.swift */; };
		279745CE1F04283D00ED5D34 /* alertViews.swift in Sources */ = {isa = PBXBuildFile; fileRef = 279745CD1F04283D00ED5D34 /* alertViews.swift */; };
		279745D11F042F6200ED5D34 /* FirbaseReadWrite.swift in Sources */ = {isa = PBXBuildFile; fileRef = 279745D01F042F6200ED5D34 /* FirbaseReadWrite.swift */; };
		8CEB8DC593222523527A71A3 /* Pods_Apt.framework in Frameworks */ = {isa = PBXBuildFile; fileRef = 56C6397714E41901F2A659AF /* Pods_Apt.framework */; };
/* End PBXBuildFile section */

/* Begin PBXContainerItemProxy section */
		279745A41F03E9FF00ED5D34 /* PBXContainerItemProxy */ = {
			isa = PBXContainerItemProxy;
			containerPortal = 279745871F03E9FF00ED5D34 /* Project object */;
			proxyType = 1;
			remoteGlobalIDString = 2797458E1F03E9FF00ED5D34;
			remoteInfo = Apt;
		};
		279745AF1F03E9FF00ED5D34 /* PBXContainerItemProxy */ = {
			isa = PBXContainerItemProxy;
			containerPortal = 279745871F03E9FF00ED5D34 /* Project object */;
			proxyType = 1;
			remoteGlobalIDString = 2797458E1F03E9FF00ED5D34;
			remoteInfo = Apt;
		};
/* End PBXContainerItemProxy section */

/* Begin PBXFileReference section */
		2714AC411F0CF4690028A81E /* CustomTabBarController.swift */ = {isa = PBXFileReference; fileEncoding = 4; lastKnownFileType = sourcecode.swift; path = CustomTabBarController.swift; sourceTree = "<group>"; };
		271731871F18A9AF0044BA27 /* PropertyPhotoStructures.swift */ = {isa = PBXFileReference; fileEncoding = 4; lastKnownFileType = sourcecode.swift; path = PropertyPhotoStructures.swift; sourceTree = "<group>"; };
		271731891F18D89E0044BA27 /* SubmitPhotoViewController.swift */ = {isa = PBXFileReference; fileEncoding = 4; lastKnownFileType = sourcecode.swift; path = SubmitPhotoViewController.swift; sourceTree = "<group>"; };
		273686721F0E96DE002E9F93 /* Protocols.swift */ = {isa = PBXFileReference; fileEncoding = 4; lastKnownFileType = sourcecode.swift; path = Protocols.swift; sourceTree = "<group>"; };
		274108DD1F06BCEC00B60BBA /* CurrentUserViewController.swift */ = {isa = PBXFileReference; fileEncoding = 4; lastKnownFileType = sourcecode.swift; path = CurrentUserViewController.swift; sourceTree = "<group>"; };
		27562C0D1F04432600C6FFFC /* Bolts.framework */ = {isa = PBXFileReference; lastKnownFileType = wrapper.framework; path = Bolts.framework; sourceTree = "<group>"; };
		275D265E1F1F9C49009B5AD4 /* HomeViewController.swift */ = {isa = PBXFileReference; fileEncoding = 4; lastKnownFileType = sourcecode.swift; path = HomeViewController.swift; sourceTree = "<group>"; };
		275D26601F1F9C6B009B5AD4 /* HomeTableViewCell.swift */ = {isa = PBXFileReference; fileEncoding = 4; lastKnownFileType = sourcecode.swift; path = HomeTableViewCell.swift; sourceTree = "<group>"; };
		275D26621F1FA646009B5AD4 /* ApartmentType.swift */ = {isa = PBXFileReference; fileEncoding = 4; lastKnownFileType = sourcecode.swift; path = ApartmentType.swift; sourceTree = "<group>"; };
		275F6FEE1F0D1EDC00F9B2C2 /* PropertyNameViewController.swift */ = {isa = PBXFileReference; fileEncoding = 4; lastKnownFileType = sourcecode.swift; path = PropertyNameViewController.swift; sourceTree = "<group>"; };
		275F6FF01F0D3F3500F9B2C2 /* PropertyDetailsViewController.swift */ = {isa = PBXFileReference; fileEncoding = 4; lastKnownFileType = sourcecode.swift; path = PropertyDetailsViewController.swift; sourceTree = "<group>"; };
		275F6FF21F0D765200F9B2C2 /* PropertyDetailsTableViewController.swift */ = {isa = PBXFileReference; fileEncoding = 4; lastKnownFileType = sourcecode.swift; path = PropertyDetailsTableViewController.swift; sourceTree = "<group>"; };
		275F6FF41F0D7BAD00F9B2C2 /* RentTableViewController.swift */ = {isa = PBXFileReference; fileEncoding = 4; lastKnownFileType = sourcecode.swift; path = RentTableViewController.swift; sourceTree = "<group>"; };
		27693E4D1F13E697005D891F /* PropertyPhotoCollectionViewCell.swift */ = {isa = PBXFileReference; fileEncoding = 4; lastKnownFileType = sourcecode.swift; path = PropertyPhotoCollectionViewCell.swift; sourceTree = "<group>"; };
		27693E561F1408D2005D891F /* GradientView.swift */ = {isa = PBXFileReference; fileEncoding = 4; lastKnownFileType = sourcecode.swift; path = GradientView.swift; sourceTree = "<group>"; };
		27693E5D1F164822005D891F /* PropertyPhotosViewController.swift */ = {isa = PBXFileReference; fileEncoding = 4; lastKnownFileType = sourcecode.swift; path = PropertyPhotosViewController.swift; sourceTree = "<group>"; };
		2797458F1F03E9FF00ED5D34 /* Apt.app */ = {isa = PBXFileReference; explicitFileType = wrapper.application; includeInIndex = 0; path = Apt.app; sourceTree = BUILT_PRODUCTS_DIR; };
		279745921F03E9FF00ED5D34 /* AppDelegate.swift */ = {isa = PBXFileReference; lastKnownFileType = sourcecode.swift; path = AppDelegate.swift; sourceTree = "<group>"; };
		279745971F03E9FF00ED5D34 /* Base */ = {isa = PBXFileReference; lastKnownFileType = file.storyboard; name = Base; path = Base.lproj/Main.storyboard; sourceTree = "<group>"; };
		279745991F03E9FF00ED5D34 /* Assets.xcassets */ = {isa = PBXFileReference; lastKnownFileType = folder.assetcatalog; path = Assets.xcassets; sourceTree = "<group>"; };
		2797459C1F03E9FF00ED5D34 /* Base */ = {isa = PBXFileReference; lastKnownFileType = file.storyboard; name = Base; path = Base.lproj/LaunchScreen.storyboard; sourceTree = "<group>"; };
		2797459E1F03E9FF00ED5D34 /* Info.plist */ = {isa = PBXFileReference; lastKnownFileType = text.plist.xml; path = Info.plist; sourceTree = "<group>"; };
		279745A31F03E9FF00ED5D34 /* AptTests.xctest */ = {isa = PBXFileReference; explicitFileType = wrapper.cfbundle; includeInIndex = 0; path = AptTests.xctest; sourceTree = BUILT_PRODUCTS_DIR; };
		279745A71F03E9FF00ED5D34 /* AptTests.swift */ = {isa = PBXFileReference; lastKnownFileType = sourcecode.swift; path = AptTests.swift; sourceTree = "<group>"; };
		279745A91F03E9FF00ED5D34 /* Info.plist */ = {isa = PBXFileReference; lastKnownFileType = text.plist.xml; path = Info.plist; sourceTree = "<group>"; };
		279745AE1F03E9FF00ED5D34 /* AptUITests.xctest */ = {isa = PBXFileReference; explicitFileType = wrapper.cfbundle; includeInIndex = 0; path = AptUITests.xctest; sourceTree = BUILT_PRODUCTS_DIR; };
		279745B21F03E9FF00ED5D34 /* AptUITests.swift */ = {isa = PBXFileReference; lastKnownFileType = sourcecode.swift; path = AptUITests.swift; sourceTree = "<group>"; };
		279745B41F03E9FF00ED5D34 /* Info.plist */ = {isa = PBXFileReference; lastKnownFileType = text.plist.xml; path = Info.plist; sourceTree = "<group>"; };
		279745C01F03EAAF00ED5D34 /* GoogleService-Info.plist */ = {isa = PBXFileReference; fileEncoding = 4; lastKnownFileType = text.plist.xml; path = "GoogleService-Info.plist"; sourceTree = "<group>"; };
		279745C41F03EDA700ED5D34 /* LoginViewController.swift */ = {isa = PBXFileReference; fileEncoding = 4; lastKnownFileType = sourcecode.swift; path = LoginViewController.swift; sourceTree = "<group>"; };
		279745C91F03F0B000ED5D34 /* UibuttonFormats.swift */ = {isa = PBXFileReference; fileEncoding = 4; lastKnownFileType = sourcecode.swift; path = UibuttonFormats.swift; sourceTree = "<group>"; };
		279745CB1F04039400ED5D34 /* NewUserViewController.swift */ = {isa = PBXFileReference; fileEncoding = 4; lastKnownFileType = sourcecode.swift; path = NewUserViewController.swift; sourceTree = "<group>"; };
		279745CD1F04283D00ED5D34 /* alertViews.swift */ = {isa = PBXFileReference; fileEncoding = 4; lastKnownFileType = sourcecode.swift; name = alertViews.swift; path = Apt/alertViews.swift; sourceTree = "<group>"; };
		279745D01F042F6200ED5D34 /* FirbaseReadWrite.swift */ = {isa = PBXFileReference; fileEncoding = 4; lastKnownFileType = sourcecode.swift; path = FirbaseReadWrite.swift; sourceTree = "<group>"; };
		27F84F4A1F053BF700693945 /* Apt.entitlements */ = {isa = PBXFileReference; lastKnownFileType = text.plist.entitlements; path = Apt.entitlements; sourceTree = "<group>"; };
		3CA3879DF81A39E1048246E4 /* Pods-Apt.debug.xcconfig */ = {isa = PBXFileReference; includeInIndex = 1; lastKnownFileType = text.xcconfig; name = "Pods-Apt.debug.xcconfig"; path = "Pods/Target Support Files/Pods-Apt/Pods-Apt.debug.xcconfig"; sourceTree = "<group>"; };
		56C6397714E41901F2A659AF /* Pods_Apt.framework */ = {isa = PBXFileReference; explicitFileType = wrapper.framework; includeInIndex = 0; path = Pods_Apt.framework; sourceTree = BUILT_PRODUCTS_DIR; };
		D74362172C90B3097E2B308D /* Pods-Apt.release.xcconfig */ = {isa = PBXFileReference; includeInIndex = 1; lastKnownFileType = text.xcconfig; name = "Pods-Apt.release.xcconfig"; path = "Pods/Target Support Files/Pods-Apt/Pods-Apt.release.xcconfig"; sourceTree = "<group>"; };
/* End PBXFileReference section */

/* Begin PBXFrameworksBuildPhase section */
		2797458C1F03E9FF00ED5D34 /* Frameworks */ = {
			isa = PBXFrameworksBuildPhase;
			buildActionMask = 2147483647;
			files = (
				8CEB8DC593222523527A71A3 /* Pods_Apt.framework in Frameworks */,
				27562C111F04432600C6FFFC /* Bolts.framework in Frameworks */,
			);
			runOnlyForDeploymentPostprocessing = 0;
		};
		279745A01F03E9FF00ED5D34 /* Frameworks */ = {
			isa = PBXFrameworksBuildPhase;
			buildActionMask = 2147483647;
			files = (
			);
			runOnlyForDeploymentPostprocessing = 0;
		};
		279745AB1F03E9FF00ED5D34 /* Frameworks */ = {
			isa = PBXFrameworksBuildPhase;
			buildActionMask = 2147483647;
			files = (
			);
			runOnlyForDeploymentPostprocessing = 0;
		};
/* End PBXFrameworksBuildPhase section */

/* Begin PBXGroup section */
		142B6D229DB730510D705D71 /* Pods */ = {
			isa = PBXGroup;
			children = (
				3CA3879DF81A39E1048246E4 /* Pods-Apt.debug.xcconfig */,
				D74362172C90B3097E2B308D /* Pods-Apt.release.xcconfig */,
			);
			name = Pods;
			sourceTree = "<group>";
		};
		275D265D1F1F9C2C009B5AD4 /* Home tap */ = {
			isa = PBXGroup;
			children = (
				275D265E1F1F9C49009B5AD4 /* HomeViewController.swift */,
				275D26601F1F9C6B009B5AD4 /* HomeTableViewCell.swift */,
				275D26621F1FA646009B5AD4 /* ApartmentType.swift */,
			);
			name = "Home tap";
			sourceTree = "<group>";
		};
		275F6FED1F0D1EBF00F9B2C2 /* New Property  */ = {
			isa = PBXGroup;
			children = (
				27693E5C1F1647E4005D891F /* propertyPhotos */,
				275F6FEE1F0D1EDC00F9B2C2 /* PropertyNameViewController.swift */,
				275F6FF01F0D3F3500F9B2C2 /* PropertyDetailsViewController.swift */,
				275F6FF21F0D765200F9B2C2 /* PropertyDetailsTableViewController.swift */,
				275F6FF41F0D7BAD00F9B2C2 /* RentTableViewController.swift */,
			);
			name = "New Property ";
			sourceTree = "<group>";
		};
		27693E5C1F1647E4005D891F /* propertyPhotos */ = {
			isa = PBXGroup;
			children = (
				27693E5D1F164822005D891F /* PropertyPhotosViewController.swift */,
				27693E4D1F13E697005D891F /* PropertyPhotoCollectionViewCell.swift */,
				271731871F18A9AF0044BA27 /* PropertyPhotoStructures.swift */,
				271731891F18D89E0044BA27 /* SubmitPhotoViewController.swift */,
			);
			name = propertyPhotos;
			sourceTree = "<group>";
		};
		279745861F03E9FF00ED5D34 = {
			isa = PBXGroup;
			children = (
				279745CF1F04284900ED5D34 /* Resources */,
				279745911F03E9FF00ED5D34 /* Apt */,
				279745A61F03E9FF00ED5D34 /* AptTests */,
				279745B11F03E9FF00ED5D34 /* AptUITests */,
				279745901F03E9FF00ED5D34 /* Products */,
				142B6D229DB730510D705D71 /* Pods */,
				A0756DD6E94A1E27BFF66940 /* Frameworks */,
			);
			sourceTree = "<group>";
		};
		279745901F03E9FF00ED5D34 /* Products */ = {
			isa = PBXGroup;
			children = (
				2797458F1F03E9FF00ED5D34 /* Apt.app */,
				279745A31F03E9FF00ED5D34 /* AptTests.xctest */,
				279745AE1F03E9FF00ED5D34 /* AptUITests.xctest */,
			);
			name = Products;
			sourceTree = "<group>";
		};
		279745911F03E9FF00ED5D34 /* Apt */ = {
			isa = PBXGroup;
			children = (
				275D265D1F1F9C2C009B5AD4 /* Home tap */,
				275F6FED1F0D1EBF00F9B2C2 /* New Property  */,
				27F84F4A1F053BF700693945 /* Apt.entitlements */,
				279745C81F03F08900ED5D34 /* formatextensions */,
				279745C31F03ED7B00ED5D34 /* Authentication */,
				279745921F03E9FF00ED5D34 /* AppDelegate.swift */,
				279745961F03E9FF00ED5D34 /* Main.storyboard */,
				279745991F03E9FF00ED5D34 /* Assets.xcassets */,
				2797459B1F03E9FF00ED5D34 /* LaunchScreen.storyboard */,
				2797459E1F03E9FF00ED5D34 /* Info.plist */,
				279745C01F03EAAF00ED5D34 /* GoogleService-Info.plist */,
			);
			path = Apt;
			sourceTree = "<group>";
		};
		279745A61F03E9FF00ED5D34 /* AptTests */ = {
			isa = PBXGroup;
			children = (
				279745A71F03E9FF00ED5D34 /* AptTests.swift */,
				279745A91F03E9FF00ED5D34 /* Info.plist */,
			);
			path = AptTests;
			sourceTree = "<group>";
		};
		279745B11F03E9FF00ED5D34 /* AptUITests */ = {
			isa = PBXGroup;
			children = (
				279745B21F03E9FF00ED5D34 /* AptUITests.swift */,
				279745B41F03E9FF00ED5D34 /* Info.plist */,
			);
			path = AptUITests;
			sourceTree = "<group>";
		};
		279745C31F03ED7B00ED5D34 /* Authentication */ = {
			isa = PBXGroup;
			children = (
				279745C41F03EDA700ED5D34 /* LoginViewController.swift */,
				279745CB1F04039400ED5D34 /* NewUserViewController.swift */,
				274108DD1F06BCEC00B60BBA /* CurrentUserViewController.swift */,
			);
			name = Authentication;
			sourceTree = "<group>";
		};
		279745C81F03F08900ED5D34 /* formatextensions */ = {
			isa = PBXGroup;
			children = (
				279745C91F03F0B000ED5D34 /* UibuttonFormats.swift */,
				2714AC411F0CF4690028A81E /* CustomTabBarController.swift */,
			);
			name = formatextensions;
			sourceTree = "<group>";
		};
		279745CF1F04284900ED5D34 /* Resources */ = {
			isa = PBXGroup;
			children = (
				279745CD1F04283D00ED5D34 /* alertViews.swift */,
				279745D01F042F6200ED5D34 /* FirbaseReadWrite.swift */,
				273686721F0E96DE002E9F93 /* Protocols.swift */,
				27693E561F1408D2005D891F /* GradientView.swift */,
			);
			name = Resources;
			sourceTree = "<group>";
		};
		A0756DD6E94A1E27BFF66940 /* Frameworks */ = {
			isa = PBXGroup;
			children = (
				27562C0D1F04432600C6FFFC /* Bolts.framework */,
				56C6397714E41901F2A659AF /* Pods_Apt.framework */,
			);
			name = Frameworks;
			sourceTree = "<group>";
		};
/* End PBXGroup section */

/* Begin PBXNativeTarget section */
		2797458E1F03E9FF00ED5D34 /* Apt */ = {
			isa = PBXNativeTarget;
			buildConfigurationList = 279745B71F03E9FF00ED5D34 /* Build configuration list for PBXNativeTarget "Apt" */;
			buildPhases = (
				2B007D26A093F519CFEC3318 /* [CP] Check Pods Manifest.lock */,
				2797458B1F03E9FF00ED5D34 /* Sources */,
				2797458C1F03E9FF00ED5D34 /* Frameworks */,
				2797458D1F03E9FF00ED5D34 /* Resources */,
				182B8FB0B2F11F5EC898D9D4 /* [CP] Embed Pods Frameworks */,
				DD00AF7C5390306C83479809 /* [CP] Copy Pods Resources */,
			);
			buildRules = (
			);
			dependencies = (
			);
			name = Apt;
			productName = Apt;
			productReference = 2797458F1F03E9FF00ED5D34 /* Apt.app */;
			productType = "com.apple.product-type.application";
		};
		279745A21F03E9FF00ED5D34 /* AptTests */ = {
			isa = PBXNativeTarget;
			buildConfigurationList = 279745BA1F03E9FF00ED5D34 /* Build configuration list for PBXNativeTarget "AptTests" */;
			buildPhases = (
				2797459F1F03E9FF00ED5D34 /* Sources */,
				279745A01F03E9FF00ED5D34 /* Frameworks */,
				279745A11F03E9FF00ED5D34 /* Resources */,
			);
			buildRules = (
			);
			dependencies = (
				279745A51F03E9FF00ED5D34 /* PBXTargetDependency */,
			);
			name = AptTests;
			productName = AptTests;
			productReference = 279745A31F03E9FF00ED5D34 /* AptTests.xctest */;
			productType = "com.apple.product-type.bundle.unit-test";
		};
		279745AD1F03E9FF00ED5D34 /* AptUITests */ = {
			isa = PBXNativeTarget;
			buildConfigurationList = 279745BD1F03E9FF00ED5D34 /* Build configuration list for PBXNativeTarget "AptUITests" */;
			buildPhases = (
				279745AA1F03E9FF00ED5D34 /* Sources */,
				279745AB1F03E9FF00ED5D34 /* Frameworks */,
				279745AC1F03E9FF00ED5D34 /* Resources */,
			);
			buildRules = (
			);
			dependencies = (
				279745B01F03E9FF00ED5D34 /* PBXTargetDependency */,
			);
			name = AptUITests;
			productName = AptUITests;
			productReference = 279745AE1F03E9FF00ED5D34 /* AptUITests.xctest */;
			productType = "com.apple.product-type.bundle.ui-testing";
		};
/* End PBXNativeTarget section */

/* Begin PBXProject section */
		279745871F03E9FF00ED5D34 /* Project object */ = {
			isa = PBXProject;
			attributes = {
				LastSwiftUpdateCheck = 0830;
				LastUpgradeCheck = 0830;
				ORGANIZATIONNAME = Metzger;
				TargetAttributes = {
					2797458E1F03E9FF00ED5D34 = {
						CreatedOnToolsVersion = 8.3.3;
						DevelopmentTeam = BP8BUJFQU2;
						ProvisioningStyle = Automatic;
						SystemCapabilities = {
							com.apple.Keychain = {
								enabled = 1;
							};
						};
					};
					279745A21F03E9FF00ED5D34 = {
						CreatedOnToolsVersion = 8.3.3;
						DevelopmentTeam = BP8BUJFQU2;
						ProvisioningStyle = Automatic;
						TestTargetID = 2797458E1F03E9FF00ED5D34;
					};
					279745AD1F03E9FF00ED5D34 = {
						CreatedOnToolsVersion = 8.3.3;
						DevelopmentTeam = BP8BUJFQU2;
						ProvisioningStyle = Automatic;
						TestTargetID = 2797458E1F03E9FF00ED5D34;
					};
				};
			};
			buildConfigurationList = 2797458A1F03E9FF00ED5D34 /* Build configuration list for PBXProject "Apt" */;
			compatibilityVersion = "Xcode 3.2";
			developmentRegion = English;
			hasScannedForEncodings = 0;
			knownRegions = (
				en,
				Base,
			);
			mainGroup = 279745861F03E9FF00ED5D34;
			productRefGroup = 279745901F03E9FF00ED5D34 /* Products */;
			projectDirPath = "";
			projectRoot = "";
			targets = (
				2797458E1F03E9FF00ED5D34 /* Apt */,
				279745A21F03E9FF00ED5D34 /* AptTests */,
				279745AD1F03E9FF00ED5D34 /* AptUITests */,
			);
		};
/* End PBXProject section */

/* Begin PBXResourcesBuildPhase section */
		2797458D1F03E9FF00ED5D34 /* Resources */ = {
			isa = PBXResourcesBuildPhase;
			buildActionMask = 2147483647;
			files = (
				2797459D1F03E9FF00ED5D34 /* LaunchScreen.storyboard in Resources */,
				279745C11F03EAAF00ED5D34 /* GoogleService-Info.plist in Resources */,
				2797459A1F03E9FF00ED5D34 /* Assets.xcassets in Resources */,
				279745981F03E9FF00ED5D34 /* Main.storyboard in Resources */,
			);
			runOnlyForDeploymentPostprocessing = 0;
		};
		279745A11F03E9FF00ED5D34 /* Resources */ = {
			isa = PBXResourcesBuildPhase;
			buildActionMask = 2147483647;
			files = (
			);
			runOnlyForDeploymentPostprocessing = 0;
		};
		279745AC1F03E9FF00ED5D34 /* Resources */ = {
			isa = PBXResourcesBuildPhase;
			buildActionMask = 2147483647;
			files = (
			);
			runOnlyForDeploymentPostprocessing = 0;
		};
/* End PBXResourcesBuildPhase section */

/* Begin PBXShellScriptBuildPhase section */
		182B8FB0B2F11F5EC898D9D4 /* [CP] Embed Pods Frameworks */ = {
			isa = PBXShellScriptBuildPhase;
			buildActionMask = 2147483647;
			files = (
			);
			inputPaths = (
			);
			name = "[CP] Embed Pods Frameworks";
			outputPaths = (
			);
			runOnlyForDeploymentPostprocessing = 0;
			shellPath = /bin/sh;
			shellScript = "\"${SRCROOT}/Pods/Target Support Files/Pods-Apt/Pods-Apt-frameworks.sh\"\n";
			showEnvVarsInLog = 0;
		};
		2B007D26A093F519CFEC3318 /* [CP] Check Pods Manifest.lock */ = {
			isa = PBXShellScriptBuildPhase;
			buildActionMask = 2147483647;
			files = (
			);
			inputPaths = (
			);
			name = "[CP] Check Pods Manifest.lock";
			outputPaths = (
			);
			runOnlyForDeploymentPostprocessing = 0;
			shellPath = /bin/sh;
			shellScript = "diff \"${PODS_PODFILE_DIR_PATH}/Podfile.lock\" \"${PODS_ROOT}/Manifest.lock\" > /dev/null\nif [ $? != 0 ] ; then\n    # print error to STDERR\n    echo \"error: The sandbox is not in sync with the Podfile.lock. Run 'pod install' or update your CocoaPods installation.\" >&2\n    exit 1\nfi\n";
			showEnvVarsInLog = 0;
		};
		DD00AF7C5390306C83479809 /* [CP] Copy Pods Resources */ = {
			isa = PBXShellScriptBuildPhase;
			buildActionMask = 2147483647;
			files = (
			);
			inputPaths = (
			);
			name = "[CP] Copy Pods Resources";
			outputPaths = (
			);
			runOnlyForDeploymentPostprocessing = 0;
			shellPath = /bin/sh;
			shellScript = "\"${SRCROOT}/Pods/Target Support Files/Pods-Apt/Pods-Apt-resources.sh\"\n";
			showEnvVarsInLog = 0;
		};
/* End PBXShellScriptBuildPhase section */

/* Begin PBXSourcesBuildPhase section */
		2797458B1F03E9FF00ED5D34 /* Sources */ = {
			isa = PBXSourcesBuildPhase;
			buildActionMask = 2147483647;
			files = (
				279745CA1F03F0B000ED5D34 /* UibuttonFormats.swift in Sources */,
				274108DE1F06BCEC00B60BBA /* CurrentUserViewController.swift in Sources */,
				275D265F1F1F9C49009B5AD4 /* HomeViewController.swift in Sources */,
				27693E571F1408D2005D891F /* GradientView.swift in Sources */,
				271731881F18A9AF0044BA27 /* PropertyPhotoStructures.swift in Sources */,
				2714AC421F0CF4690028A81E /* CustomTabBarController.swift in Sources */,
				275D26611F1F9C6B009B5AD4 /* HomeTableViewCell.swift in Sources */,
				279745C51F03EDA700ED5D34 /* LoginViewController.swift in Sources */,
				279745D11F042F6200ED5D34 /* FirbaseReadWrite.swift in Sources */,
				27693E5E1F164822005D891F /* PropertyPhotosViewController.swift in Sources */,
				279745CE1F04283D00ED5D34 /* alertViews.swift in Sources */,
				275F6FF31F0D765200F9B2C2 /* PropertyDetailsTableViewController.swift in Sources */,
				279745CC1F04039400ED5D34 /* NewUserViewController.swift in Sources */,
				275F6FF51F0D7BAD00F9B2C2 /* RentTableViewController.swift in Sources */,
				273686731F0E96DE002E9F93 /* Protocols.swift in Sources */,
				27693E4E1F13E697005D891F /* PropertyPhotoCollectionViewCell.swift in Sources */,
				275D26631F1FA646009B5AD4 /* ApartmentType.swift in Sources */,
				275F6FEF1F0D1EDC00F9B2C2 /* PropertyNameViewController.swift in Sources */,
				275F6FF11F0D3F3500F9B2C2 /* PropertyDetailsViewController.swift in Sources */,
				279745931F03E9FF00ED5D34 /* AppDelegate.swift in Sources */,
				2717318A1F18D89E0044BA27 /* SubmitPhotoViewController.swift in Sources */,
			);
			runOnlyForDeploymentPostprocessing = 0;
		};
		2797459F1F03E9FF00ED5D34 /* Sources */ = {
			isa = PBXSourcesBuildPhase;
			buildActionMask = 2147483647;
			files = (
				279745A81F03E9FF00ED5D34 /* AptTests.swift in Sources */,
			);
			runOnlyForDeploymentPostprocessing = 0;
		};
		279745AA1F03E9FF00ED5D34 /* Sources */ = {
			isa = PBXSourcesBuildPhase;
			buildActionMask = 2147483647;
			files = (
				279745B31F03E9FF00ED5D34 /* AptUITests.swift in Sources */,
			);
			runOnlyForDeploymentPostprocessing = 0;
		};
/* End PBXSourcesBuildPhase section */

/* Begin PBXTargetDependency section */
		279745A51F03E9FF00ED5D34 /* PBXTargetDependency */ = {
			isa = PBXTargetDependency;
			target = 2797458E1F03E9FF00ED5D34 /* Apt */;
			targetProxy = 279745A41F03E9FF00ED5D34 /* PBXContainerItemProxy */;
		};
		279745B01F03E9FF00ED5D34 /* PBXTargetDependency */ = {
			isa = PBXTargetDependency;
			target = 2797458E1F03E9FF00ED5D34 /* Apt */;
			targetProxy = 279745AF1F03E9FF00ED5D34 /* PBXContainerItemProxy */;
		};
/* End PBXTargetDependency section */

/* Begin PBXVariantGroup section */
		279745961F03E9FF00ED5D34 /* Main.storyboard */ = {
			isa = PBXVariantGroup;
			children = (
				279745971F03E9FF00ED5D34 /* Base */,
			);
			name = Main.storyboard;
			sourceTree = "<group>";
		};
		2797459B1F03E9FF00ED5D34 /* LaunchScreen.storyboard */ = {
			isa = PBXVariantGroup;
			children = (
				2797459C1F03E9FF00ED5D34 /* Base */,
			);
			name = LaunchScreen.storyboard;
			sourceTree = "<group>";
		};
/* End PBXVariantGroup section */

/* Begin XCBuildConfiguration section */
		279745B51F03E9FF00ED5D34 /* Debug */ = {
			isa = XCBuildConfiguration;
			buildSettings = {
				ALWAYS_SEARCH_USER_PATHS = NO;
				CLANG_ANALYZER_NONNULL = YES;
				CLANG_ANALYZER_NUMBER_OBJECT_CONVERSION = YES_AGGRESSIVE;
				CLANG_CXX_LANGUAGE_STANDARD = "gnu++0x";
				CLANG_CXX_LIBRARY = "libc++";
				CLANG_ENABLE_MODULES = YES;
				CLANG_ENABLE_OBJC_ARC = YES;
				CLANG_WARN_BOOL_CONVERSION = YES;
				CLANG_WARN_CONSTANT_CONVERSION = YES;
				CLANG_WARN_DIRECT_OBJC_ISA_USAGE = YES_ERROR;
				CLANG_WARN_DOCUMENTATION_COMMENTS = YES;
				CLANG_WARN_EMPTY_BODY = YES;
				CLANG_WARN_ENUM_CONVERSION = YES;
				CLANG_WARN_INFINITE_RECURSION = YES;
				CLANG_WARN_INT_CONVERSION = YES;
				CLANG_WARN_OBJC_ROOT_CLASS = YES_ERROR;
				CLANG_WARN_SUSPICIOUS_MOVE = YES;
				CLANG_WARN_UNREACHABLE_CODE = YES;
				CLANG_WARN__DUPLICATE_METHOD_MATCH = YES;
				"CODE_SIGN_IDENTITY[sdk=iphoneos*]" = "iPhone Developer";
				COPY_PHASE_STRIP = NO;
				DEBUG_INFORMATION_FORMAT = dwarf;
				ENABLE_STRICT_OBJC_MSGSEND = YES;
				ENABLE_TESTABILITY = YES;
				GCC_C_LANGUAGE_STANDARD = gnu99;
				GCC_DYNAMIC_NO_PIC = NO;
				GCC_NO_COMMON_BLOCKS = YES;
				GCC_OPTIMIZATION_LEVEL = 0;
				GCC_PREPROCESSOR_DEFINITIONS = (
					"DEBUG=1",
					"$(inherited)",
				);
				GCC_WARN_64_TO_32_BIT_CONVERSION = YES;
				GCC_WARN_ABOUT_RETURN_TYPE = YES_ERROR;
				GCC_WARN_UNDECLARED_SELECTOR = YES;
				GCC_WARN_UNINITIALIZED_AUTOS = YES_AGGRESSIVE;
				GCC_WARN_UNUSED_FUNCTION = YES;
				GCC_WARN_UNUSED_VARIABLE = YES;
				IPHONEOS_DEPLOYMENT_TARGET = 10.3;
				MTL_ENABLE_DEBUG_INFO = YES;
				ONLY_ACTIVE_ARCH = YES;
				SDKROOT = iphoneos;
				SWIFT_ACTIVE_COMPILATION_CONDITIONS = DEBUG;
				SWIFT_OPTIMIZATION_LEVEL = "-Onone";
			};
			name = Debug;
		};
		279745B61F03E9FF00ED5D34 /* Release */ = {
			isa = XCBuildConfiguration;
			buildSettings = {
				ALWAYS_SEARCH_USER_PATHS = NO;
				CLANG_ANALYZER_NONNULL = YES;
				CLANG_ANALYZER_NUMBER_OBJECT_CONVERSION = YES_AGGRESSIVE;
				CLANG_CXX_LANGUAGE_STANDARD = "gnu++0x";
				CLANG_CXX_LIBRARY = "libc++";
				CLANG_ENABLE_MODULES = YES;
				CLANG_ENABLE_OBJC_ARC = YES;
				CLANG_WARN_BOOL_CONVERSION = YES;
				CLANG_WARN_CONSTANT_CONVERSION = YES;
				CLANG_WARN_DIRECT_OBJC_ISA_USAGE = YES_ERROR;
				CLANG_WARN_DOCUMENTATION_COMMENTS = YES;
				CLANG_WARN_EMPTY_BODY = YES;
				CLANG_WARN_ENUM_CONVERSION = YES;
				CLANG_WARN_INFINITE_RECURSION = YES;
				CLANG_WARN_INT_CONVERSION = YES;
				CLANG_WARN_OBJC_ROOT_CLASS = YES_ERROR;
				CLANG_WARN_SUSPICIOUS_MOVE = YES;
				CLANG_WARN_UNREACHABLE_CODE = YES;
				CLANG_WARN__DUPLICATE_METHOD_MATCH = YES;
				"CODE_SIGN_IDENTITY[sdk=iphoneos*]" = "iPhone Developer";
				COPY_PHASE_STRIP = NO;
				DEBUG_INFORMATION_FORMAT = "dwarf-with-dsym";
				ENABLE_NS_ASSERTIONS = NO;
				ENABLE_STRICT_OBJC_MSGSEND = YES;
				GCC_C_LANGUAGE_STANDARD = gnu99;
				GCC_NO_COMMON_BLOCKS = YES;
				GCC_WARN_64_TO_32_BIT_CONVERSION = YES;
				GCC_WARN_ABOUT_RETURN_TYPE = YES_ERROR;
				GCC_WARN_UNDECLARED_SELECTOR = YES;
				GCC_WARN_UNINITIALIZED_AUTOS = YES_AGGRESSIVE;
				GCC_WARN_UNUSED_FUNCTION = YES;
				GCC_WARN_UNUSED_VARIABLE = YES;
				IPHONEOS_DEPLOYMENT_TARGET = 10.3;
				MTL_ENABLE_DEBUG_INFO = NO;
				SDKROOT = iphoneos;
				SWIFT_OPTIMIZATION_LEVEL = "-Owholemodule";
				VALIDATE_PRODUCT = YES;
			};
			name = Release;
		};
		279745B81F03E9FF00ED5D34 /* Debug */ = {
			isa = XCBuildConfiguration;
			baseConfigurationReference = 3CA3879DF81A39E1048246E4 /* Pods-Apt.debug.xcconfig */;
			buildSettings = {
				ASSETCATALOG_COMPILER_APPICON_NAME = AppIcon;
				CODE_SIGN_ENTITLEMENTS = Apt/Apt.entitlements;
				DEVELOPMENT_TEAM = BP8BUJFQU2;
				FRAMEWORK_SEARCH_PATHS = (
					"$(inherited)",
					"$(PROJECT_DIR)",
				);
				INFOPLIST_FILE = Apt/Info.plist;
				LD_RUNPATH_SEARCH_PATHS = "$(inherited) @executable_path/Frameworks";
				PRODUCT_BUNDLE_IDENTIFIER = com.metzger.Apt;
				PRODUCT_NAME = "$(TARGET_NAME)";
				SWIFT_VERSION = 3.0;
			};
			name = Debug;
		};
		279745B91F03E9FF00ED5D34 /* Release */ = {
			isa = XCBuildConfiguration;
			baseConfigurationReference = D74362172C90B3097E2B308D /* Pods-Apt.release.xcconfig */;
			buildSettings = {
				ASSETCATALOG_COMPILER_APPICON_NAME = AppIcon;
				CODE_SIGN_ENTITLEMENTS = Apt/Apt.entitlements;
				DEVELOPMENT_TEAM = BP8BUJFQU2;
				FRAMEWORK_SEARCH_PATHS = (
					"$(inherited)",
					"$(PROJECT_DIR)",
				);
				INFOPLIST_FILE = Apt/Info.plist;
				LD_RUNPATH_SEARCH_PATHS = "$(inherited) @executable_path/Frameworks";
				PRODUCT_BUNDLE_IDENTIFIER = com.metzger.Apt;
				PRODUCT_NAME = "$(TARGET_NAME)";
				SWIFT_VERSION = 3.0;
			};
			name = Release;
		};
		279745BB1F03E9FF00ED5D34 /* Debug */ = {
			isa = XCBuildConfiguration;
			buildSettings = {
				ALWAYS_EMBED_SWIFT_STANDARD_LIBRARIES = YES;
				BUNDLE_LOADER = "$(TEST_HOST)";
				DEVELOPMENT_TEAM = BP8BUJFQU2;
				INFOPLIST_FILE = AptTests/Info.plist;
				LD_RUNPATH_SEARCH_PATHS = "$(inherited) @executable_path/Frameworks @loader_path/Frameworks";
				PRODUCT_BUNDLE_IDENTIFIER = com.metzger.AptTests;
				PRODUCT_NAME = "$(TARGET_NAME)";
				SWIFT_VERSION = 3.0;
				TEST_HOST = "$(BUILT_PRODUCTS_DIR)/Apt.app/Apt";
			};
			name = Debug;
		};
		279745BC1F03E9FF00ED5D34 /* Release */ = {
			isa = XCBuildConfiguration;
			buildSettings = {
				ALWAYS_EMBED_SWIFT_STANDARD_LIBRARIES = YES;
				BUNDLE_LOADER = "$(TEST_HOST)";
				DEVELOPMENT_TEAM = BP8BUJFQU2;
				INFOPLIST_FILE = AptTests/Info.plist;
				LD_RUNPATH_SEARCH_PATHS = "$(inherited) @executable_path/Frameworks @loader_path/Frameworks";
				PRODUCT_BUNDLE_IDENTIFIER = com.metzger.AptTests;
				PRODUCT_NAME = "$(TARGET_NAME)";
				SWIFT_VERSION = 3.0;
				TEST_HOST = "$(BUILT_PRODUCTS_DIR)/Apt.app/Apt";
			};
			name = Release;
		};
		279745BE1F03E9FF00ED5D34 /* Debug */ = {
			isa = XCBuildConfiguration;
			buildSettings = {
				ALWAYS_EMBED_SWIFT_STANDARD_LIBRARIES = YES;
				DEVELOPMENT_TEAM = BP8BUJFQU2;
				INFOPLIST_FILE = AptUITests/Info.plist;
				LD_RUNPATH_SEARCH_PATHS = "$(inherited) @executable_path/Frameworks @loader_path/Frameworks";
				PRODUCT_BUNDLE_IDENTIFIER = com.metzger.AptUITests;
				PRODUCT_NAME = "$(TARGET_NAME)";
				SWIFT_VERSION = 3.0;
				TEST_TARGET_NAME = Apt;
			};
			name = Debug;
		};
		279745BF1F03E9FF00ED5D34 /* Release */ = {
			isa = XCBuildConfiguration;
			buildSettings = {
				ALWAYS_EMBED_SWIFT_STANDARD_LIBRARIES = YES;
				DEVELOPMENT_TEAM = BP8BUJFQU2;
				INFOPLIST_FILE = AptUITests/Info.plist;
				LD_RUNPATH_SEARCH_PATHS = "$(inherited) @executable_path/Frameworks @loader_path/Frameworks";
				PRODUCT_BUNDLE_IDENTIFIER = com.metzger.AptUITests;
				PRODUCT_NAME = "$(TARGET_NAME)";
				SWIFT_VERSION = 3.0;
				TEST_TARGET_NAME = Apt;
			};
			name = Release;
		};
/* End XCBuildConfiguration section */

/* Begin XCConfigurationList section */
		2797458A1F03E9FF00ED5D34 /* Build configuration list for PBXProject "Apt" */ = {
			isa = XCConfigurationList;
			buildConfigurations = (
				279745B51F03E9FF00ED5D34 /* Debug */,
				279745B61F03E9FF00ED5D34 /* Release */,
			);
			defaultConfigurationIsVisible = 0;
			defaultConfigurationName = Release;
		};
		279745B71F03E9FF00ED5D34 /* Build configuration list for PBXNativeTarget "Apt" */ = {
			isa = XCConfigurationList;
			buildConfigurations = (
				279745B81F03E9FF00ED5D34 /* Debug */,
				279745B91F03E9FF00ED5D34 /* Release */,
			);
			defaultConfigurationIsVisible = 0;
			defaultConfigurationName = Release;
		};
		279745BA1F03E9FF00ED5D34 /* Build configuration list for PBXNativeTarget "AptTests" */ = {
			isa = XCConfigurationList;
			buildConfigurations = (
				279745BB1F03E9FF00ED5D34 /* Debug */,
				279745BC1F03E9FF00ED5D34 /* Release */,
			);
			defaultConfigurationIsVisible = 0;
			defaultConfigurationName = Release;
		};
		279745BD1F03E9FF00ED5D34 /* Build configuration list for PBXNativeTarget "AptUITests" */ = {
			isa = XCConfigurationList;
			buildConfigurations = (
				279745BE1F03E9FF00ED5D34 /* Debug */,
				279745BF1F03E9FF00ED5D34 /* Release */,
			);
			defaultConfigurationIsVisible = 0;
			defaultConfigurationName = Release;
		};
/* End XCConfigurationList section */
	};
	rootObject = 279745871F03E9FF00ED5D34 /* Project object */;
}
